
Microsoft Visual Studio Solution File, Format Version 12.00
# Visual Studio Version 16
VisualStudioVersion = 16.0.30907.101
MinimumVisualStudioVersion = 10.0.40219.1
Project("{FAE04EC0-301F-11D3-BF4B-00C04F79EFBC}") = "Comoression d'images", "Comoression d'images.csproj", "{FFC03AF1-4484-4757-82F8-714C9AEBB807}"
EndProject
Global
	GlobalSection(SolutionConfigurationPlatforms) = preSolution
		Debug|Any CPU = Debug|Any CPU
		Release|Any CPU = Release|Any CPU
	EndGlobalSection
	GlobalSection(ProjectConfigurationPlatforms) = postSolution
		{FFC03AF1-4484-4757-82F8-714C9AEBB807}.Debug|Any CPU.ActiveCfg = Debug|Any CPU
		{FFC03AF1-4484-4757-82F8-714C9AEBB807}.Debug|Any CPU.Build.0 = Debug|Any CPU
		{FFC03AF1-4484-4757-82F8-714C9AEBB807}.Release|Any CPU.ActiveCfg = Release|Any CPU
		{FFC03AF1-4484-4757-82F8-714C9AEBB807}.Release|Any CPU.Build.0 = Release|Any CPU
	EndGlobalSection
	GlobalSection(SolutionProperties) = preSolution
		HideSolutionNode = FALSE
	EndGlobalSection
	GlobalSection(ExtensibilityGlobals) = postSolution
		SolutionGuid = {2ED0C9F6-FE22-4023-BE9F-34F392958C77}
	EndGlobalSection
EndGlobal
